// !$*UTF8*$!
{
	archiveVersion = 1;
	classes = {
	};
	objectVersion = 48;
	objects = {

/* Begin PBXBuildFile section */
		CEFEAF201FFDC34700F76EBD /* AppDelegate.swift in Sources */ = {isa = PBXBuildFile; fileRef = CEFEAF1F1FFDC34700F76EBD /* AppDelegate.swift */; };
		CEFEAF221FFDC34700F76EBD /* ViewController.swift in Sources */ = {isa = PBXBuildFile; fileRef = CEFEAF211FFDC34700F76EBD /* ViewController.swift */; };
		CEFEAF251FFDC34700F76EBD /* Main.storyboard in Resources */ = {isa = PBXBuildFile; fileRef = CEFEAF231FFDC34700F76EBD /* Main.storyboard */; };
		CEFEAF271FFDC34700F76EBD /* Assets.xcassets in Resources */ = {isa = PBXBuildFile; fileRef = CEFEAF261FFDC34700F76EBD /* Assets.xcassets */; };
		CEFEAF2A1FFDC34700F76EBD /* LaunchScreen.storyboard in Resources */ = {isa = PBXBuildFile; fileRef = CEFEAF281FFDC34700F76EBD /* LaunchScreen.storyboard */; };
		CEFEAF351FFDC34700F76EBD /* animalsTests.swift in Sources */ = {isa = PBXBuildFile; fileRef = CEFEAF341FFDC34700F76EBD /* animalsTests.swift */; };
		CEFEAF401FFDC34700F76EBD /* animalsUITests.swift in Sources */ = {isa = PBXBuildFile; fileRef = CEFEAF3F1FFDC34700F76EBD /* animalsUITests.swift */; };
/* End PBXBuildFile section */

/* Begin PBXContainerItemProxy section */
		CEFEAF311FFDC34700F76EBD /* PBXContainerItemProxy */ = {
			isa = PBXContainerItemProxy;
			containerPortal = CEFEAF141FFDC34700F76EBD /* Project object */;
			proxyType = 1;
			remoteGlobalIDString = CEFEAF1B1FFDC34700F76EBD;
			remoteInfo = animals;
		};
		CEFEAF3C1FFDC34700F76EBD /* PBXContainerItemProxy */ = {
			isa = PBXContainerItemProxy;
			containerPortal = CEFEAF141FFDC34700F76EBD /* Project object */;
			proxyType = 1;
			remoteGlobalIDString = CEFEAF1B1FFDC34700F76EBD;
			remoteInfo = animals;
		};
/* End PBXContainerItemProxy section */

/* Begin PBXFileReference section */
		CEFEAF1C1FFDC34700F76EBD /* animals.app */ = {isa = PBXFileReference; explicitFileType = wrapper.application; includeInIndex = 0; path = animals.app; sourceTree = BUILT_PRODUCTS_DIR; };
		CEFEAF1F1FFDC34700F76EBD /* AppDelegate.swift */ = {isa = PBXFileReference; lastKnownFileType = sourcecode.swift; path = AppDelegate.swift; sourceTree = "<group>"; };
		CEFEAF211FFDC34700F76EBD /* ViewController.swift */ = {isa = PBXFileReference; lastKnownFileType = sourcecode.swift; path = ViewController.swift; sourceTree = "<group>"; };
		CEFEAF241FFDC34700F76EBD /* Base */ = {isa = PBXFileReference; lastKnownFileType = file.storyboard; name = Base; path = Base.lproj/Main.storyboard; sourceTree = "<group>"; };
		CEFEAF261FFDC34700F76EBD /* Assets.xcassets */ = {isa = PBXFileReference; lastKnownFileType = folder.assetcatalog; path = Assets.xcassets; sourceTree = "<group>"; };
		CEFEAF291FFDC34700F76EBD /* Base */ = {isa = PBXFileReference; lastKnownFileType = file.storyboard; name = Base; path = Base.lproj/LaunchScreen.storyboard; sourceTree = "<group>"; };
		CEFEAF2B1FFDC34700F76EBD /* Info.plist */ = {isa = PBXFileReference; lastKnownFileType = text.plist.xml; path = Info.plist; sourceTree = "<group>"; };
		CEFEAF301FFDC34700F76EBD /* animalsTests.xctest */ = {isa = PBXFileReference; explicitFileType = wrapper.cfbundle; includeInIndex = 0; path = animalsTests.xctest; sourceTree = BUILT_PRODUCTS_DIR; };
		CEFEAF341FFDC34700F76EBD /* animalsTests.swift */ = {isa = PBXFileReference; lastKnownFileType = sourcecode.swift; path = animalsTests.swift; sourceTree = "<group>"; };
		CEFEAF361FFDC34700F76EBD /* Info.plist */ = {isa = PBXFileReference; lastKnownFileType = text.plist.xml; path = Info.plist; sourceTree = "<group>"; };
		CEFEAF3B1FFDC34700F76EBD /* animalsUITests.xctest */ = {isa = PBXFileReference; explicitFileType = wrapper.cfbundle; includeInIndex = 0; path = animalsUITests.xctest; sourceTree = BUILT_PRODUCTS_DIR; };
		CEFEAF3F1FFDC34700F76EBD /* animalsUITests.swift */ = {isa = PBXFileReference; lastKnownFileType = sourcecode.swift; path = animalsUITests.swift; sourceTree = "<group>"; };
		CEFEAF411FFDC34700F76EBD /* Info.plist */ = {isa = PBXFileReference; lastKnownFileType = text.plist.xml; path = Info.plist; sourceTree = "<group>"; };
/* End PBXFileReference section */

/* Begin PBXFrameworksBuildPhase section */
		CEFEAF191FFDC34700F76EBD /* Frameworks */ = {
			isa = PBXFrameworksBuildPhase;
			buildActionMask = 2147483647;
			files = (
			);
			runOnlyForDeploymentPostprocessing = 0;
		};
		CEFEAF2D1FFDC34700F76EBD /* Frameworks */ = {
			isa = PBXFrameworksBuildPhase;
			buildActionMask = 2147483647;
			files = (
			);
			runOnlyForDeploymentPostprocessing = 0;
		};
		CEFEAF381FFDC34700F76EBD /* Frameworks */ = {
			isa = PBXFrameworksBuildPhase;
			buildActionMask = 2147483647;
			files = (
			);
			runOnlyForDeploymentPostprocessing = 0;
		};
/* End PBXFrameworksBuildPhase section */

/* Begin PBXGroup section */
		CEFEAF131FFDC34700F76EBD = {
			isa = PBXGroup;
			children = (
				CEFEAF1E1FFDC34700F76EBD /* animals */,
				CEFEAF331FFDC34700F76EBD /* animalsTests */,
				CEFEAF3E1FFDC34700F76EBD /* animalsUITests */,
				CEFEAF1D1FFDC34700F76EBD /* Products */,
			);
			sourceTree = "<group>";
		};
		CEFEAF1D1FFDC34700F76EBD /* Products */ = {
			isa = PBXGroup;
			children = (
				CEFEAF1C1FFDC34700F76EBD /* animals.app */,
				CEFEAF301FFDC34700F76EBD /* animalsTests.xctest */,
				CEFEAF3B1FFDC34700F76EBD /* animalsUITests.xctest */,
			);
			name = Products;
			sourceTree = "<group>";
		};
		CEFEAF1E1FFDC34700F76EBD /* animals */ = {
			isa = PBXGroup;
			children = (
				CEFEAF1F1FFDC34700F76EBD /* AppDelegate.swift */,
				CEFEAF211FFDC34700F76EBD /* ViewController.swift */,
				CEFEAF231FFDC34700F76EBD /* Main.storyboard */,
				CEFEAF261FFDC34700F76EBD /* Assets.xcassets */,
				CEFEAF281FFDC34700F76EBD /* LaunchScreen.storyboard */,
				CEFEAF2B1FFDC34700F76EBD /* Info.plist */,
			);
			path = animals;
			sourceTree = "<group>";
		};
		CEFEAF331FFDC34700F76EBD /* animalsTests */ = {
			isa = PBXGroup;
			children = (
				CEFEAF341FFDC34700F76EBD /* animalsTests.swift */,
				CEFEAF361FFDC34700F76EBD /* Info.plist */,
			);
			path = animalsTests;
			sourceTree = "<group>";
		};
		CEFEAF3E1FFDC34700F76EBD /* animalsUITests */ = {
			isa = PBXGroup;
			children = (
				CEFEAF3F1FFDC34700F76EBD /* animalsUITests.swift */,
				CEFEAF411FFDC34700F76EBD /* Info.plist */,
			);
			path = animalsUITests;
			sourceTree = "<group>";
		};
/* End PBXGroup section */

/* Begin PBXNativeTarget section */
		CEFEAF1B1FFDC34700F76EBD /* animals */ = {
			isa = PBXNativeTarget;
			buildConfigurationList = CEFEAF441FFDC34700F76EBD /* Build configuration list for PBXNativeTarget "animals" */;
			buildPhases = (
				CEFEAF181FFDC34700F76EBD /* Sources */,
				CEFEAF191FFDC34700F76EBD /* Frameworks */,
				CEFEAF1A1FFDC34700F76EBD /* Resources */,
			);
			buildRules = (
			);
			dependencies = (
			);
			name = animals;
			productName = animals;
			productReference = CEFEAF1C1FFDC34700F76EBD /* animals.app */;
			productType = "com.apple.product-type.application";
		};
		CEFEAF2F1FFDC34700F76EBD /* animalsTests */ = {
			isa = PBXNativeTarget;
			buildConfigurationList = CEFEAF471FFDC34700F76EBD /* Build configuration list for PBXNativeTarget "animalsTests" */;
			buildPhases = (
				CEFEAF2C1FFDC34700F76EBD /* Sources */,
				CEFEAF2D1FFDC34700F76EBD /* Frameworks */,
				CEFEAF2E1FFDC34700F76EBD /* Resources */,
			);
			buildRules = (
			);
			dependencies = (
				CEFEAF321FFDC34700F76EBD /* PBXTargetDependency */,
			);
			name = animalsTests;
			productName = animalsTests;
			productReference = CEFEAF301FFDC34700F76EBD /* animalsTests.xctest */;
			productType = "com.apple.product-type.bundle.unit-test";
		};
		CEFEAF3A1FFDC34700F76EBD /* animalsUITests */ = {
			isa = PBXNativeTarget;
			buildConfigurationList = CEFEAF4A1FFDC34700F76EBD /* Build configuration list for PBXNativeTarget "animalsUITests" */;
			buildPhases = (
				CEFEAF371FFDC34700F76EBD /* Sources */,
				CEFEAF381FFDC34700F76EBD /* Frameworks */,
				CEFEAF391FFDC34700F76EBD /* Resources */,
			);
			buildRules = (
			);
			dependencies = (
				CEFEAF3D1FFDC34700F76EBD /* PBXTargetDependency */,
			);
			name = animalsUITests;
			productName = animalsUITests;
			productReference = CEFEAF3B1FFDC34700F76EBD /* animalsUITests.xctest */;
			productType = "com.apple.product-type.bundle.ui-testing";
		};
/* End PBXNativeTarget section */

/* Begin PBXProject section */
		CEFEAF141FFDC34700F76EBD /* Project object */ = {
			isa = PBXProject;
			attributes = {
				LastSwiftUpdateCheck = 0910;
				LastUpgradeCheck = 0910;
				ORGANIZATIONNAME = user;
				TargetAttributes = {
					CEFEAF1B1FFDC34700F76EBD = {
						CreatedOnToolsVersion = 9.1;
						ProvisioningStyle = Automatic;
					};
					CEFEAF2F1FFDC34700F76EBD = {
						CreatedOnToolsVersion = 9.1;
						ProvisioningStyle = Automatic;
						TestTargetID = CEFEAF1B1FFDC34700F76EBD;
					};
					CEFEAF3A1FFDC34700F76EBD = {
						CreatedOnToolsVersion = 9.1;
						ProvisioningStyle = Automatic;
						TestTargetID = CEFEAF1B1FFDC34700F76EBD;
					};
				};
			};
			buildConfigurationList = CEFEAF171FFDC34700F76EBD /* Build configuration list for PBXProject "animals" */;
			compatibilityVersion = "Xcode 8.0";
			developmentRegion = en;
			hasScannedForEncodings = 0;
			knownRegions = (
				en,
				Base,
			);
			mainGroup = CEFEAF131FFDC34700F76EBD;
			productRefGroup = CEFEAF1D1FFDC34700F76EBD /* Products */;
			projectDirPath = "";
			projectRoot = "";
			targets = (
				CEFEAF1B1FFDC34700F76EBD /* animals */,
				CEFEAF2F1FFDC34700F76EBD /* animalsTests */,
				CEFEAF3A1FFDC34700F76EBD /* animalsUITests */,
			);
		};
/* End PBXProject section */

/* Begin PBXResourcesBuildPhase section */
		CEFEAF1A1FFDC34700F76EBD /* Resources */ = {
			isa = PBXResourcesBuildPhase;
			buildActionMask = 2147483647;
			files = (
				CEFEAF2A1FFDC34700F76EBD /* LaunchScreen.storyboard in Resources */,
				CEFEAF271FFDC34700F76EBD /* Assets.xcassets in Resources */,
				CEFEAF251FFDC34700F76EBD /* Main.storyboard in Resources */,
			);
			runOnlyForDeploymentPostprocessing = 0;
		};
		CEFEAF2E1FFDC34700F76EBD /* Resources */ = {
			isa = PBXResourcesBuildPhase;
			buildActionMask = 2147483647;
			files = (
			);
			runOnlyForDeploymentPostprocessing = 0;
		};
		CEFEAF391FFDC34700F76EBD /* Resources */ = {
			isa = PBXResourcesBuildPhase;
			buildActionMask = 2147483647;
			files = (
			);
			runOnlyForDeploymentPostprocessing = 0;
		};
/* End PBXResourcesBuildPhase section */

/* Begin PBXSourcesBuildPhase section */
		CEFEAF181FFDC34700F76EBD /* Sources */ = {
			isa = PBXSourcesBuildPhase;
			buildActionMask = 2147483647;
			files = (
				CEFEAF221FFDC34700F76EBD /* ViewController.swift in Sources */,
				CEFEAF201FFDC34700F76EBD /* AppDelegate.swift in Sources */,
			);
			runOnlyForDeploymentPostprocessing = 0;
		};
		CEFEAF2C1FFDC34700F76EBD /* Sources */ = {
			isa = PBXSourcesBuildPhase;
			buildActionMask = 2147483647;
			files = (
				CEFEAF351FFDC34700F76EBD /* animalsTests.swift in Sources */,
			);
			runOnlyForDeploymentPostprocessing = 0;
		};
		CEFEAF371FFDC34700F76EBD /* Sources */ = {
			isa = PBXSourcesBuildPhase;
			buildActionMask = 2147483647;
			files = (
				CEFEAF401FFDC34700F76EBD /* animalsUITests.swift in Sources */,
			);
			runOnlyForDeploymentPostprocessing = 0;
		};
/* End PBXSourcesBuildPhase section */

/* Begin PBXTargetDependency section */
		CEFEAF321FFDC34700F76EBD /* PBXTargetDependency */ = {
			isa = PBXTargetDependency;
			target = CEFEAF1B1FFDC34700F76EBD /* animals */;
			targetProxy = CEFEAF311FFDC34700F76EBD /* PBXContainerItemProxy */;
		};
		CEFEAF3D1FFDC34700F76EBD /* PBXTargetDependency */ = {
			isa = PBXTargetDependency;
			target = CEFEAF1B1FFDC34700F76EBD /* animals */;
			targetProxy = CEFEAF3C1FFDC34700F76EBD /* PBXContainerItemProxy */;
		};
/* End PBXTargetDependency section */

/* Begin PBXVariantGroup section */
		CEFEAF231FFDC34700F76EBD /* Main.storyboard */ = {
			isa = PBXVariantGroup;
			children = (
				CEFEAF241FFDC34700F76EBD /* Base */,
			);
			name = Main.storyboard;
			sourceTree = "<group>";
		};
		CEFEAF281FFDC34700F76EBD /* LaunchScreen.storyboard */ = {
			isa = PBXVariantGroup;
			children = (
				CEFEAF291FFDC34700F76EBD /* Base */,
			);
			name = LaunchScreen.storyboard;
			sourceTree = "<group>";
		};
/* End PBXVariantGroup section */

/* Begin XCBuildConfiguration section */
		CEFEAF421FFDC34700F76EBD /* Debug */ = {
			isa = XCBuildConfiguration;
			buildSettings = {
				ALWAYS_SEARCH_USER_PATHS = NO;
				CLANG_ANALYZER_NONNULL = YES;
				CLANG_ANALYZER_NUMBER_OBJECT_CONVERSION = YES_AGGRESSIVE;
				CLANG_CXX_LANGUAGE_STANDARD = "gnu++14";
				CLANG_CXX_LIBRARY = "libc++";
				CLANG_ENABLE_MODULES = YES;
				CLANG_ENABLE_OBJC_ARC = YES;
				CLANG_WARN_BLOCK_CAPTURE_AUTORELEASING = YES;
				CLANG_WARN_BOOL_CONVERSION = YES;
				CLANG_WARN_COMMA = YES;
				CLANG_WARN_CONSTANT_CONVERSION = YES;
				CLANG_WARN_DIRECT_OBJC_ISA_USAGE = YES_ERROR;
				CLANG_WARN_DOCUMENTATION_COMMENTS = YES;
				CLANG_WARN_EMPTY_BODY = YES;
				CLANG_WARN_ENUM_CONVERSION = YES;
				CLANG_WARN_INFINITE_RECURSION = YES;
				CLANG_WARN_INT_CONVERSION = YES;
				CLANG_WARN_NON_LITERAL_NULL_CONVERSION = YES;
				CLANG_WARN_OBJC_LITERAL_CONVERSION = YES;
				CLANG_WARN_OBJC_ROOT_CLASS = YES_ERROR;
				CLANG_WARN_RANGE_LOOP_ANALYSIS = YES;
				CLANG_WARN_STRICT_PROTOTYPES = YES;
				CLANG_WARN_SUSPICIOUS_MOVE = YES;
				CLANG_WARN_UNGUARDED_AVAILABILITY = YES_AGGRESSIVE;
				CLANG_WARN_UNREACHABLE_CODE = YES;
				CLANG_WARN__DUPLICATE_METHOD_MATCH = YES;
				CODE_SIGN_IDENTITY = "iPhone Developer";
				COPY_PHASE_STRIP = NO;
				DEBUG_INFORMATION_FORMAT = dwarf;
				ENABLE_STRICT_OBJC_MSGSEND = YES;
				ENABLE_TESTABILITY = YES;
				GCC_C_LANGUAGE_STANDARD = gnu11;
				GCC_DYNAMIC_NO_PIC = NO;
				GCC_NO_COMMON_BLOCKS = YES;
				GCC_OPTIMIZATION_LEVEL = 0;
				GCC_PREPROCESSOR_DEFINITIONS = (
					"DEBUG=1",
					"$(inherited)",
				);
				GCC_WARN_64_TO_32_BIT_CONVERSION = YES;
				GCC_WARN_ABOUT_RETURN_TYPE = YES_ERROR;
				GCC_WARN_UNDECLARED_SELECTOR = YES;
				GCC_WARN_UNINITIALIZED_AUTOS = YES_AGGRESSIVE;
				GCC_WARN_UNUSED_FUNCTION = YES;
				GCC_WARN_UNUSED_VARIABLE = YES;
				IPHONEOS_DEPLOYMENT_TARGET = 11.1;
				MTL_ENABLE_DEBUG_INFO = YES;
				ONLY_ACTIVE_ARCH = YES;
				SDKROOT = iphoneos;
				SWIFT_ACTIVE_COMPILATION_CONDITIONS = DEBUG;
				SWIFT_OPTIMIZATION_LEVEL = "-Onone";
			};
			name = Debug;
		};
		CEFEAF431FFDC34700F76EBD /* Release */ = {
			isa = XCBuildConfiguration;
			buildSettings = {
				ALWAYS_SEARCH_USER_PATHS = NO;
				CLANG_ANALYZER_NONNULL = YES;
				CLANG_ANALYZER_NUMBER_OBJECT_CONVERSION = YES_AGGRESSIVE;
				CLANG_CXX_LANGUAGE_STANDARD = "gnu++14";
				CLANG_CXX_LIBRARY = "libc++";
				CLANG_ENABLE_MODULES = YES;
				CLANG_ENABLE_OBJC_ARC = YES;
				CLANG_WARN_BLOCK_CAPTURE_AUTORELEASING = YES;
				CLANG_WARN_BOOL_CONVERSION = YES;
				CLANG_WARN_COMMA = YES;
				CLANG_WARN_CONSTANT_CONVERSION = YES;
				CLANG_WARN_DIRECT_OBJC_ISA_USAGE = YES_ERROR;
				CLANG_WARN_DOCUMENTATION_COMMENTS = YES;
				CLANG_WARN_EMPTY_BODY = YES;
				CLANG_WARN_ENUM_CONVERSION = YES;
				CLANG_WARN_INFINITE_RECURSION = YES;
				CLANG_WARN_INT_CONVERSION = YES;
				CLANG_WARN_NON_LITERAL_NULL_CONVERSION = YES;
				CLANG_WARN_OBJC_LITERAL_CONVERSION = YES;
				CLANG_WARN_OBJC_ROOT_CLASS = YES_ERROR;
				CLANG_WARN_RANGE_LOOP_ANALYSIS = YES;
				CLANG_WARN_STRICT_PROTOTYPES = YES;
				CLANG_WARN_SUSPICIOUS_MOVE = YES;
				CLANG_WARN_UNGUARDED_AVAILABILITY = YES_AGGRESSIVE;
				CLANG_WARN_UNREACHABLE_CODE = YES;
				CLANG_WARN__DUPLICATE_METHOD_MATCH = YES;
				CODE_SIGN_IDENTITY = "iPhone Developer";
				COPY_PHASE_STRIP = NO;
				DEBUG_INFORMATION_FORMAT = "dwarf-with-dsym";
				ENABLE_NS_ASSERTIONS = NO;
				ENABLE_STRICT_OBJC_MSGSEND = YES;
				GCC_C_LANGUAGE_STANDARD = gnu11;
				GCC_NO_COMMON_BLOCKS = YES;
				GCC_WARN_64_TO_32_BIT_CONVERSION = YES;
				GCC_WARN_ABOUT_RETURN_TYPE = YES_ERROR;
				GCC_WARN_UNDECLARED_SELECTOR = YES;
				GCC_WARN_UNINITIALIZED_AUTOS = YES_AGGRESSIVE;
				GCC_WARN_UNUSED_FUNCTION = YES;
				GCC_WARN_UNUSED_VARIABLE = YES;
				IPHONEOS_DEPLOYMENT_TARGET = 11.1;
				MTL_ENABLE_DEBUG_INFO = NO;
				SDKROOT = iphoneos;
				SWIFT_OPTIMIZATION_LEVEL = "-Owholemodule";
				VALIDATE_PRODUCT = YES;
			};
			name = Release;
		};
		CEFEAF451FFDC34700F76EBD /* Debug */ = {
			isa = XCBuildConfiguration;
			buildSettings = {
				ASSETCATALOG_COMPILER_APPICON_NAME = AppIcon;
				CODE_SIGN_STYLE = Automatic;
				INFOPLIST_FILE = animals/Info.plist;
				LD_RUNPATH_SEARCH_PATHS = "$(inherited) @executable_path/Frameworks";
				PRODUCT_BUNDLE_IDENTIFIER = com.user.animals;
				PRODUCT_NAME = "$(TARGET_NAME)";
				SWIFT_VERSION = 4.0;
				TARGETED_DEVICE_FAMILY = "1,2";
			};
			name = Debug;
		};
		CEFEAF461FFDC34700F76EBD /* Release */ = {
			isa = XCBuildConfiguration;
			buildSettings = {
				ASSETCATALOG_COMPILER_APPICON_NAME = AppIcon;
				CODE_SIGN_STYLE = Automatic;
				INFOPLIST_FILE = animals/Info.plist;
				LD_RUNPATH_SEARCH_PATHS = "$(inherited) @executable_path/Frameworks";
				PRODUCT_BUNDLE_IDENTIFIER = com.user.animals;
				PRODUCT_NAME = "$(TARGET_NAME)";
				SWIFT_VERSION = 4.0;
				TARGETED_DEVICE_FAMILY = "1,2";
			};
			name = Release;
		};
		CEFEAF481FFDC34700F76EBD /* Debug */ = {
			isa = XCBuildConfiguration;
			buildSettings = {
				ALWAYS_EMBED_SWIFT_STANDARD_LIBRARIES = YES;
				BUNDLE_LOADER = "$(TEST_HOST)";
				CODE_SIGN_STYLE = Automatic;
				INFOPLIST_FILE = animalsTests/Info.plist;
				LD_RUNPATH_SEARCH_PATHS = "$(inherited) @executable_path/Frameworks @loader_path/Frameworks";
				PRODUCT_BUNDLE_IDENTIFIER = com.user.animalsTests;
				PRODUCT_NAME = "$(TARGET_NAME)";
				SWIFT_VERSION = 4.0;
				TARGETED_DEVICE_FAMILY = "1,2";
				TEST_HOST = "$(BUILT_PRODUCTS_DIR)/animals.app/animals";
			};
			name = Debug;
		};
		CEFEAF491FFDC34700F76EBD /* Release */ = {
			isa = XCBuildConfiguration;
			buildSettings = {
				ALWAYS_EMBED_SWIFT_STANDARD_LIBRARIES = YES;
				BUNDLE_LOADER = "$(TEST_HOST)";
				CODE_SIGN_STYLE = Automatic;
				INFOPLIST_FILE = animalsTests/Info.plist;
				LD_RUNPATH_SEARCH_PATHS = "$(inherited) @executable_path/Frameworks @loader_path/Frameworks";
				PRODUCT_BUNDLE_IDENTIFIER = com.user.animalsTests;
				PRODUCT_NAME = "$(TARGET_NAME)";
				SWIFT_VERSION = 4.0;
				TARGETED_DEVICE_FAMILY = "1,2";
				TEST_HOST = "$(BUILT_PRODUCTS_DIR)/animals.app/animals";
			};
			name = Release;
		};
		CEFEAF4B1FFDC34700F76EBD /* Debug */ = {
			isa = XCBuildConfiguration;
			buildSettings = {
				ALWAYS_EMBED_SWIFT_STANDARD_LIBRARIES = YES;
				CODE_SIGN_STYLE = Automatic;
				INFOPLIST_FILE = animalsUITests/Info.plist;
				LD_RUNPATH_SEARCH_PATHS = "$(inherited) @executable_path/Frameworks @loader_path/Frameworks";
				PRODUCT_BUNDLE_IDENTIFIER = com.user.animalsUITests;
				PRODUCT_NAME = "$(TARGET_NAME)";
				SWIFT_VERSION = 4.0;
				TARGETED_DEVICE_FAMILY = "1,2";
				TEST_TARGET_NAME = animals;
			};
			name = Debug;
		};
		CEFEAF4C1FFDC34700F76EBD /* Release */ = {
			isa = XCBuildConfiguration;
			buildSettings = {
				ALWAYS_EMBED_SWIFT_STANDARD_LIBRARIES = YES;
				CODE_SIGN_STYLE = Automatic;
				INFOPLIST_FILE = animalsUITests/Info.plist;
				LD_RUNPATH_SEARCH_PATHS = "$(inherited) @executable_path/Frameworks @loader_path/Frameworks";
				PRODUCT_BUNDLE_IDENTIFIER = com.user.animalsUITests;
				PRODUCT_NAME = "$(TARGET_NAME)";
				SWIFT_VERSION = 4.0;
				TARGETED_DEVICE_FAMILY = "1,2";
				TEST_TARGET_NAME = animals;
			};
			name = Release;
		};
/* End XCBuildConfiguration section */

/* Begin XCConfigurationList section */
		CEFEAF171FFDC34700F76EBD /* Build configuration list for PBXProject "animals" */ = {
			isa = XCConfigurationList;
			buildConfigurations = (
				CEFEAF421FFDC34700F76EBD /* Debug */,
				CEFEAF431FFDC34700F76EBD /* Release */,
			);
			defaultConfigurationIsVisible = 0;
			defaultConfigurationName = Release;
		};
		CEFEAF441FFDC34700F76EBD /* Build configuration list for PBXNativeTarget "animals" */ = {
			isa = XCConfigurationList;
			buildConfigurations = (
				CEFEAF451FFDC34700F76EBD /* Debug */,
				CEFEAF461FFDC34700F76EBD /* Release */,
			);
			defaultConfigurationIsVisible = 0;
			defaultConfigurationName = Release;
		};
		CEFEAF471FFDC34700F76EBD /* Build configuration list for PBXNativeTarget "animalsTests" */ = {
			isa = XCConfigurationList;
			buildConfigurations = (
				CEFEAF481FFDC34700F76EBD /* Debug */,
				CEFEAF491FFDC34700F76EBD /* Release */,
			);
			defaultConfigurationIsVisible = 0;
			defaultConfigurationName = Release;
		};
		CEFEAF4A1FFDC34700F76EBD /* Build configuration list for PBXNativeTarget "animalsUITests" */ = {
			isa = XCConfigurationList;
			buildConfigurations = (
				CEFEAF4B1FFDC34700F76EBD /* Debug */,
				CEFEAF4C1FFDC34700F76EBD /* Release */,
			);
			defaultConfigurationIsVisible = 0;
			defaultConfigurationName = Release;
		};
/* End XCConfigurationList section */
	};
	rootObject = CEFEAF141FFDC34700F76EBD /* Project object */;
}
